
Microsoft Visual Studio Solution File, Format Version 12.00
# Visual Studio 15
Project("{FAE04EC0-301F-11D3-BF4B-00C04F79EFBC}") = "PhotonUnityNetworking.Demos", "PhotonUnityNetworking.Demos.csproj", "{4A851899-5DE2-6AA2-AE52-284DEAFF3D75}"
EndProject
Project("{FAE04EC0-301F-11D3-BF4B-00C04F79EFBC}") = "PhotonUnityNetworking.Utilities", "PhotonUnityNetworking.Utilities.csproj", "{A63D9B02-A2B0-5F7C-00FC-189AACAB2115}"
EndProject
Project("{FAE04EC0-301F-11D3-BF4B-00C04F79EFBC}") = "PhotonChat", "PhotonChat.csproj", "{87B3DCA2-8775-7157-AE40-F32852DD3248}"
EndProject
Project("{FAE04EC0-301F-11D3-BF4B-00C04F79EFBC}") = "PhotonUnityNetworking", "PhotonUnityNetworking.csproj", "{18D5077C-129A-F776-9DFF-993A7C2099C1}"
EndProject
Project("{FAE04EC0-301F-11D3-BF4B-00C04F79EFBC}") = "Assembly-CSharp", "Assembly-CSharp.csproj", "{F81BBD9A-EDE0-0EC0-06CF-850C5334AA13}"
EndProject
Project("{FAE04EC0-301F-11D3-BF4B-00C04F79EFBC}") = "PhotonRealtime", "PhotonRealtime.csproj", "{6B5C3B5F-4C2D-772B-2CF7-51F5FB51E72B}"
EndProject
Project("{FAE04EC0-301F-11D3-BF4B-00C04F79EFBC}") = "PhotonUnityNetworking.Editor", "PhotonUnityNetworking.Editor.csproj", "{A1390598-D197-A20E-1E3F-5FA680D807A6}"
EndProject
Project("{FAE04EC0-301F-11D3-BF4B-00C04F79EFBC}") = "ParrelSync", "ParrelSync.csproj", "{B7323B83-FB0D-4B6A-F9FE-695A0B2B7A35}"
EndProject
Project("{FAE04EC0-301F-11D3-BF4B-00C04F79EFBC}") = "PunDemos.DemoHubEditor", "PunDemos.DemoHubEditor.csproj", "{0F4079AA-29A9-2F51-B9C6-018B31DF5051}"
EndProject
Project("{FAE04EC0-301F-11D3-BF4B-00C04F79EFBC}") = "PhotonUnityNetworking.Utilities.PhotonPlayer.Editor", "PhotonUnityNetworking.Utilities.PhotonPlayer.Editor.csproj", "{7A2EABEA-5234-FE51-BEA1-E9B840E107DE}"
EndProject
Project("{FAE04EC0-301F-11D3-BF4B-00C04F79EFBC}") = "PhotonUnityNetworking.Utilities.Culling.Editor", "PhotonUnityNetworking.Utilities.Culling.Editor.csproj", "{17B36C5B-F782-B0FA-F024-8F8C446C8445}"
EndProject
Project("{FAE04EC0-301F-11D3-BF4B-00C04F79EFBC}") = "PunDemos.DemoSlotcarEditor", "PunDemos.DemoSlotcarEditor.csproj", "{A028F8FE-B086-ECD7-92A8-C447C61674AC}"
EndProject
Project("{FAE04EC0-301F-11D3-BF4B-00C04F79EFBC}") = "Assembly-CSharp-Editor", "Assembly-CSharp-Editor.csproj", "{CF2EACFF-4B2D-3539-B7DA-0236FF20D52D}"
EndProject
Global
	GlobalSection(SolutionConfigurationPlatforms) = preSolution
		Debug|Any CPU = Debug|Any CPU
		Release|Any CPU = Release|Any CPU
	EndGlobalSection
	GlobalSection(ProjectConfigurationPlatforms) = postSolution
		{4A851899-5DE2-6AA2-AE52-284DEAFF3D75}.Debug|Any CPU.ActiveCfg = Debug|Any CPU
		{4A851899-5DE2-6AA2-AE52-284DEAFF3D75}.Debug|Any CPU.Build.0 = Debug|Any CPU
		{4A851899-5DE2-6AA2-AE52-284DEAFF3D75}.Release|Any CPU.ActiveCfg = Release|Any CPU
		{4A851899-5DE2-6AA2-AE52-284DEAFF3D75}.Release|Any CPU.Build.0 = Release|Any CPU
		{A63D9B02-A2B0-5F7C-00FC-189AACAB2115}.Debug|Any CPU.ActiveCfg = Debug|Any CPU
		{A63D9B02-A2B0-5F7C-00FC-189AACAB2115}.Debug|Any CPU.Build.0 = Debug|Any CPU
		{A63D9B02-A2B0-5F7C-00FC-189AACAB2115}.Release|Any CPU.ActiveCfg = Release|Any CPU
		{A63D9B02-A2B0-5F7C-00FC-189AACAB2115}.Release|Any CPU.Build.0 = Release|Any CPU
		{87B3DCA2-8775-7157-AE40-F32852DD3248}.Debug|Any CPU.ActiveCfg = Debug|Any CPU
		{87B3DCA2-8775-7157-AE40-F32852DD3248}.Debug|Any CPU.Build.0 = Debug|Any CPU
		{87B3DCA2-8775-7157-AE40-F32852DD3248}.Release|Any CPU.ActiveCfg = Release|Any CPU
		{87B3DCA2-8775-7157-AE40-F32852DD3248}.Release|Any CPU.Build.0 = Release|Any CPU
		{18D5077C-129A-F776-9DFF-993A7C2099C1}.Debug|Any CPU.ActiveCfg = Debug|Any CPU
		{18D5077C-129A-F776-9DFF-993A7C2099C1}.Debug|Any CPU.Build.0 = Debug|Any CPU
		{18D5077C-129A-F776-9DFF-993A7C2099C1}.Release|Any CPU.ActiveCfg = Release|Any CPU
		{18D5077C-129A-F776-9DFF-993A7C2099C1}.Release|Any CPU.Build.0 = Release|Any CPU
		{F81BBD9A-EDE0-0EC0-06CF-850C5334AA13}.Debug|Any CPU.ActiveCfg = Debug|Any CPU
		{F81BBD9A-EDE0-0EC0-06CF-850C5334AA13}.Debug|Any CPU.Build.0 = Debug|Any CPU
		{F81BBD9A-EDE0-0EC0-06CF-850C5334AA13}.Release|Any CPU.ActiveCfg = Release|Any CPU
		{F81BBD9A-EDE0-0EC0-06CF-850C5334AA13}.Release|Any CPU.Build.0 = Release|Any CPU
		{6B5C3B5F-4C2D-772B-2CF7-51F5FB51E72B}.Debug|Any CPU.ActiveCfg = Debug|Any CPU
		{6B5C3B5F-4C2D-772B-2CF7-51F5FB51E72B}.Debug|Any CPU.Build.0 = Debug|Any CPU
		{6B5C3B5F-4C2D-772B-2CF7-51F5FB51E72B}.Release|Any CPU.ActiveCfg = Release|Any CPU
		{6B5C3B5F-4C2D-772B-2CF7-51F5FB51E72B}.Release|Any CPU.Build.0 = Release|Any CPU
		{A1390598-D197-A20E-1E3F-5FA680D807A6}.Debug|Any CPU.ActiveCfg = Debug|Any CPU
		{A1390598-D197-A20E-1E3F-5FA680D807A6}.Debug|Any CPU.Build.0 = Debug|Any CPU
		{A1390598-D197-A20E-1E3F-5FA680D807A6}.Release|Any CPU.ActiveCfg = Release|Any CPU
		{A1390598-D197-A20E-1E3F-5FA680D807A6}.Release|Any CPU.Build.0 = Release|Any CPU
		{B7323B83-FB0D-4B6A-F9FE-695A0B2B7A35}.Debug|Any CPU.ActiveCfg = Debug|Any CPU
		{B7323B83-FB0D-4B6A-F9FE-695A0B2B7A35}.Debug|Any CPU.Build.0 = Debug|Any CPU
		{B7323B83-FB0D-4B6A-F9FE-695A0B2B7A35}.Release|Any CPU.ActiveCfg = Release|Any CPU
		{B7323B83-FB0D-4B6A-F9FE-695A0B2B7A35}.Release|Any CPU.Build.0 = Release|Any CPU
		{0F4079AA-29A9-2F51-B9C6-018B31DF5051}.Debug|Any CPU.ActiveCfg = Debug|Any CPU
		{0F4079AA-29A9-2F51-B9C6-018B31DF5051}.Debug|Any CPU.Build.0 = Debug|Any CPU
		{0F4079AA-29A9-2F51-B9C6-018B31DF5051}.Release|Any CPU.ActiveCfg = Release|Any CPU
		{0F4079AA-29A9-2F51-B9C6-018B31DF5051}.Release|Any CPU.Build.0 = Release|Any CPU
		{7A2EABEA-5234-FE51-BEA1-E9B840E107DE}.Debug|Any CPU.ActiveCfg = Debug|Any CPU
		{7A2EABEA-5234-FE51-BEA1-E9B840E107DE}.Debug|Any CPU.Build.0 = Debug|Any CPU
		{7A2EABEA-5234-FE51-BEA1-E9B840E107DE}.Release|Any CPU.ActiveCfg = Release|Any CPU
		{7A2EABEA-5234-FE51-BEA1-E9B840E107DE}.Release|Any CPU.Build.0 = Release|Any CPU
		{17B36C5B-F782-B0FA-F024-8F8C446C8445}.Debug|Any CPU.ActiveCfg = Debug|Any CPU
		{17B36C5B-F782-B0FA-F024-8F8C446C8445}.Debug|Any CPU.Build.0 = Debug|Any CPU
		{17B36C5B-F782-B0FA-F024-8F8C446C8445}.Release|Any CPU.ActiveCfg = Release|Any CPU
		{17B36C5B-F782-B0FA-F024-8F8C446C8445}.Release|Any CPU.Build.0 = Release|Any CPU
		{A028F8FE-B086-ECD7-92A8-C447C61674AC}.Debug|Any CPU.ActiveCfg = Debug|Any CPU
		{A028F8FE-B086-ECD7-92A8-C447C61674AC}.Debug|Any CPU.Build.0 = Debug|Any CPU
		{A028F8FE-B086-ECD7-92A8-C447C61674AC}.Release|Any CPU.ActiveCfg = Release|Any CPU
		{A028F8FE-B086-ECD7-92A8-C447C61674AC}.Release|Any CPU.Build.0 = Release|Any CPU
		{CF2EACFF-4B2D-3539-B7DA-0236FF20D52D}.Debug|Any CPU.ActiveCfg = Debug|Any CPU
		{CF2EACFF-4B2D-3539-B7DA-0236FF20D52D}.Debug|Any CPU.Build.0 = Debug|Any CPU
		{CF2EACFF-4B2D-3539-B7DA-0236FF20D52D}.Release|Any CPU.ActiveCfg = Release|Any CPU
		{CF2EACFF-4B2D-3539-B7DA-0236FF20D52D}.Release|Any CPU.Build.0 = Release|Any CPU
	EndGlobalSection
	GlobalSection(SolutionProperties) = preSolution
		HideSolutionNode = FALSE
	EndGlobalSection
EndGlobal
