
Microsoft Visual Studio Solution File, Format Version 12.00
# Visual Studio 15
Project("{FAE04EC0-301F-11D3-BF4B-00C04F79EFBC}") = "PhotonUnityNetworking.Demos", "PhotonUnityNetworking.Demos.csproj", "{16325AAF-B715-563D-0371-2539E59CF092}"
EndProject
Project("{FAE04EC0-301F-11D3-BF4B-00C04F79EFBC}") = "PhotonUnityNetworking.Utilities", "PhotonUnityNetworking.Utilities.csproj", "{06CDE7D1-8770-8564-E0F7-81A2FF5BBDD0}"
EndProject
Project("{FAE04EC0-301F-11D3-BF4B-00C04F79EFBC}") = "PhotonChat", "PhotonChat.csproj", "{D55052A1-1598-D6A3-B43D-48AA515BF18C}"
EndProject
Project("{FAE04EC0-301F-11D3-BF4B-00C04F79EFBC}") = "PhotonUnityNetworking", "PhotonUnityNetworking.csproj", "{C2712BC8-17D2-F292-DC15-7CCCB458C589}"
EndProject
Project("{FAE04EC0-301F-11D3-BF4B-00C04F79EFBC}") = "Assembly-CSharp", "Assembly-CSharp.csproj", "{8A8BF715-0AD3-0E6D-A114-D0B05D4B799B}"
EndProject
Project("{FAE04EC0-301F-11D3-BF4B-00C04F79EFBC}") = "PhotonRealtime", "PhotonRealtime.csproj", "{5B5AE741-7428-F77B-4FBA-F9B48F76B77B}"
EndProject
Project("{FAE04EC0-301F-11D3-BF4B-00C04F79EFBC}") = "PhotonUnityNetworking.Editor", "PhotonUnityNetworking.Editor.csproj", "{F5E17809-5343-30E4-63AC-B79BA9F7066B}"
EndProject
Project("{FAE04EC0-301F-11D3-BF4B-00C04F79EFBC}") = "ParrelSync", "ParrelSync.csproj", "{6B2E6FA3-54F2-C456-1DA2-581D5F6F5542}"
EndProject
Project("{FAE04EC0-301F-11D3-BF4B-00C04F79EFBC}") = "PunDemos.DemoHubEditor", "PunDemos.DemoHubEditor.csproj", "{E1A9E9EC-17EE-A630-F44B-3443D3EB3202}"
EndProject
Project("{FAE04EC0-301F-11D3-BF4B-00C04F79EFBC}") = "PhotonUnityNetworking.Utilities.PhotonPlayer.Editor", "PhotonUnityNetworking.Utilities.PhotonPlayer.Editor.csproj", "{3BFAF178-4FD5-D384-3FD5-EC9CC7106241}"
EndProject
Project("{FAE04EC0-301F-11D3-BF4B-00C04F79EFBC}") = "PhotonUnityNetworking.Utilities.Culling.Editor", "PhotonUnityNetworking.Utilities.Culling.Editor.csproj", "{DA6573F4-B781-0BC0-EBAC-88213EDE8EB5}"
EndProject
Project("{FAE04EC0-301F-11D3-BF4B-00C04F79EFBC}") = "PunDemos.DemoSlotcarEditor", "PunDemos.DemoSlotcarEditor.csproj", "{EC16229A-F233-B0E6-0DEC-8998E1180313}"
EndProject
Project("{FAE04EC0-301F-11D3-BF4B-00C04F79EFBC}") = "Assembly-CSharp-Editor", "Assembly-CSharp-Editor.csproj", "{C9E53175-8563-E08C-EF8D-F5C54D409CD0}"
EndProject
Global
	GlobalSection(SolutionConfigurationPlatforms) = preSolution
		Debug|Any CPU = Debug|Any CPU
		Release|Any CPU = Release|Any CPU
	EndGlobalSection
	GlobalSection(ProjectConfigurationPlatforms) = postSolution
		{16325AAF-B715-563D-0371-2539E59CF092}.Debug|Any CPU.ActiveCfg = Debug|Any CPU
		{16325AAF-B715-563D-0371-2539E59CF092}.Debug|Any CPU.Build.0 = Debug|Any CPU
		{16325AAF-B715-563D-0371-2539E59CF092}.Release|Any CPU.ActiveCfg = Release|Any CPU
		{16325AAF-B715-563D-0371-2539E59CF092}.Release|Any CPU.Build.0 = Release|Any CPU
		{06CDE7D1-8770-8564-E0F7-81A2FF5BBDD0}.Debug|Any CPU.ActiveCfg = Debug|Any CPU
		{06CDE7D1-8770-8564-E0F7-81A2FF5BBDD0}.Debug|Any CPU.Build.0 = Debug|Any CPU
		{06CDE7D1-8770-8564-E0F7-81A2FF5BBDD0}.Release|Any CPU.ActiveCfg = Release|Any CPU
		{06CDE7D1-8770-8564-E0F7-81A2FF5BBDD0}.Release|Any CPU.Build.0 = Release|Any CPU
		{D55052A1-1598-D6A3-B43D-48AA515BF18C}.Debug|Any CPU.ActiveCfg = Debug|Any CPU
		{D55052A1-1598-D6A3-B43D-48AA515BF18C}.Debug|Any CPU.Build.0 = Debug|Any CPU
		{D55052A1-1598-D6A3-B43D-48AA515BF18C}.Release|Any CPU.ActiveCfg = Release|Any CPU
		{D55052A1-1598-D6A3-B43D-48AA515BF18C}.Release|Any CPU.Build.0 = Release|Any CPU
		{C2712BC8-17D2-F292-DC15-7CCCB458C589}.Debug|Any CPU.ActiveCfg = Debug|Any CPU
		{C2712BC8-17D2-F292-DC15-7CCCB458C589}.Debug|Any CPU.Build.0 = Debug|Any CPU
		{C2712BC8-17D2-F292-DC15-7CCCB458C589}.Release|Any CPU.ActiveCfg = Release|Any CPU
		{C2712BC8-17D2-F292-DC15-7CCCB458C589}.Release|Any CPU.Build.0 = Release|Any CPU
		{8A8BF715-0AD3-0E6D-A114-D0B05D4B799B}.Debug|Any CPU.ActiveCfg = Debug|Any CPU
		{8A8BF715-0AD3-0E6D-A114-D0B05D4B799B}.Debug|Any CPU.Build.0 = Debug|Any CPU
		{8A8BF715-0AD3-0E6D-A114-D0B05D4B799B}.Release|Any CPU.ActiveCfg = Release|Any CPU
		{8A8BF715-0AD3-0E6D-A114-D0B05D4B799B}.Release|Any CPU.Build.0 = Release|Any CPU
		{5B5AE741-7428-F77B-4FBA-F9B48F76B77B}.Debug|Any CPU.ActiveCfg = Debug|Any CPU
		{5B5AE741-7428-F77B-4FBA-F9B48F76B77B}.Debug|Any CPU.Build.0 = Debug|Any CPU
		{5B5AE741-7428-F77B-4FBA-F9B48F76B77B}.Release|Any CPU.ActiveCfg = Release|Any CPU
		{5B5AE741-7428-F77B-4FBA-F9B48F76B77B}.Release|Any CPU.Build.0 = Release|Any CPU
		{F5E17809-5343-30E4-63AC-B79BA9F7066B}.Debug|Any CPU.ActiveCfg = Debug|Any CPU
		{F5E17809-5343-30E4-63AC-B79BA9F7066B}.Debug|Any CPU.Build.0 = Debug|Any CPU
		{F5E17809-5343-30E4-63AC-B79BA9F7066B}.Release|Any CPU.ActiveCfg = Release|Any CPU
		{F5E17809-5343-30E4-63AC-B79BA9F7066B}.Release|Any CPU.Build.0 = Release|Any CPU
		{6B2E6FA3-54F2-C456-1DA2-581D5F6F5542}.Debug|Any CPU.ActiveCfg = Debug|Any CPU
		{6B2E6FA3-54F2-C456-1DA2-581D5F6F5542}.Debug|Any CPU.Build.0 = Debug|Any CPU
		{6B2E6FA3-54F2-C456-1DA2-581D5F6F5542}.Release|Any CPU.ActiveCfg = Release|Any CPU
		{6B2E6FA3-54F2-C456-1DA2-581D5F6F5542}.Release|Any CPU.Build.0 = Release|Any CPU
		{E1A9E9EC-17EE-A630-F44B-3443D3EB3202}.Debug|Any CPU.ActiveCfg = Debug|Any CPU
		{E1A9E9EC-17EE-A630-F44B-3443D3EB3202}.Debug|Any CPU.Build.0 = Debug|Any CPU
		{E1A9E9EC-17EE-A630-F44B-3443D3EB3202}.Release|Any CPU.ActiveCfg = Release|Any CPU
		{E1A9E9EC-17EE-A630-F44B-3443D3EB3202}.Release|Any CPU.Build.0 = Release|Any CPU
		{3BFAF178-4FD5-D384-3FD5-EC9CC7106241}.Debug|Any CPU.ActiveCfg = Debug|Any CPU
		{3BFAF178-4FD5-D384-3FD5-EC9CC7106241}.Debug|Any CPU.Build.0 = Debug|Any CPU
		{3BFAF178-4FD5-D384-3FD5-EC9CC7106241}.Release|Any CPU.ActiveCfg = Release|Any CPU
		{3BFAF178-4FD5-D384-3FD5-EC9CC7106241}.Release|Any CPU.Build.0 = Release|Any CPU
		{DA6573F4-B781-0BC0-EBAC-88213EDE8EB5}.Debug|Any CPU.ActiveCfg = Debug|Any CPU
		{DA6573F4-B781-0BC0-EBAC-88213EDE8EB5}.Debug|Any CPU.Build.0 = Debug|Any CPU
		{DA6573F4-B781-0BC0-EBAC-88213EDE8EB5}.Release|Any CPU.ActiveCfg = Release|Any CPU
		{DA6573F4-B781-0BC0-EBAC-88213EDE8EB5}.Release|Any CPU.Build.0 = Release|Any CPU
		{EC16229A-F233-B0E6-0DEC-8998E1180313}.Debug|Any CPU.ActiveCfg = Debug|Any CPU
		{EC16229A-F233-B0E6-0DEC-8998E1180313}.Debug|Any CPU.Build.0 = Debug|Any CPU
		{EC16229A-F233-B0E6-0DEC-8998E1180313}.Release|Any CPU.ActiveCfg = Release|Any CPU
		{EC16229A-F233-B0E6-0DEC-8998E1180313}.Release|Any CPU.Build.0 = Release|Any CPU
		{C9E53175-8563-E08C-EF8D-F5C54D409CD0}.Debug|Any CPU.ActiveCfg = Debug|Any CPU
		{C9E53175-8563-E08C-EF8D-F5C54D409CD0}.Debug|Any CPU.Build.0 = Debug|Any CPU
		{C9E53175-8563-E08C-EF8D-F5C54D409CD0}.Release|Any CPU.ActiveCfg = Release|Any CPU
		{C9E53175-8563-E08C-EF8D-F5C54D409CD0}.Release|Any CPU.Build.0 = Release|Any CPU
	EndGlobalSection
	GlobalSection(SolutionProperties) = preSolution
		HideSolutionNode = FALSE
	EndGlobalSection
EndGlobal
